
Microsoft Visual Studio Solution File, Format Version 12.00
# Visual Studio 2012
Project("{E24C65DC-7377-472B-9ABA-BC803B73C61A}") = "final_project", "http://localhost:1301", "{82E148A2-6BDC-4117-917A-F0D5602FFE07}"
	ProjectSection(WebsiteProperties) = preProject
		UseIISExpress = "true"
		TargetFrameworkMoniker = ".NETFramework,Version%3Dv4.5"
		Debug.AspNetCompiler.VirtualPath = "/localhost_1301"
		Debug.AspNetCompiler.PhysicalPath = "..\..\WebSites\final_project\"
		Debug.AspNetCompiler.TargetPath = "PrecompiledWeb\localhost_1301\"
		Debug.AspNetCompiler.Updateable = "true"
		Debug.AspNetCompiler.ForceOverwrite = "true"
		Debug.AspNetCompiler.FixedNames = "false"
		Debug.AspNetCompiler.Debug = "True"
		Release.AspNetCompiler.VirtualPath = "/localhost_1301"
		Release.AspNetCompiler.PhysicalPath = "..\..\WebSites\final_project\"
		Release.AspNetCompiler.TargetPath = "PrecompiledWeb\localhost_1301\"
		Release.AspNetCompiler.Updateable = "true"
		Release.AspNetCompiler.ForceOverwrite = "true"
		Release.AspNetCompiler.FixedNames = "false"
		Release.AspNetCompiler.Debug = "False"
		SlnRelativePath = "..\..\WebSites\final_project\"
		DefaultWebSiteLanguage = "Visual C#"
	EndProjectSection
EndProject
Global
	GlobalSection(SolutionConfigurationPlatforms) = preSolution
		Debug|Any CPU = Debug|Any CPU
	EndGlobalSection
	GlobalSection(ProjectConfigurationPlatforms) = postSolution
		{82E148A2-6BDC-4117-917A-F0D5602FFE07}.Debug|Any CPU.ActiveCfg = Debug|Any CPU
		{82E148A2-6BDC-4117-917A-F0D5602FFE07}.Debug|Any CPU.Build.0 = Debug|Any CPU
	EndGlobalSection
	GlobalSection(SolutionProperties) = preSolution
		HideSolutionNode = FALSE
	EndGlobalSection
EndGlobal
